
Microsoft Visual Studio Solution File, Format Version 12.00
# Visual Studio Version 17
VisualStudioVersion = 17.10.35027.167
MinimumVisualStudioVersion = 10.0.40219.1
Project("{FAE04EC0-301F-11D3-BF4B-00C04F79EFBC}") = "SoftwareQuizAPI", "SoftwareQuizAPI\SoftwareQuizAPI.csproj", "{CBD429FB-B384-409F-B4C0-C71E4544477D}"
EndProject
Global
	GlobalSection(SolutionConfigurationPlatforms) = preSolution
		Debug|Any CPU = Debug|Any CPU
		Release|Any CPU = Release|Any CPU
	EndGlobalSection
	GlobalSection(ProjectConfigurationPlatforms) = postSolution
		{CBD429FB-B384-409F-B4C0-C71E4544477D}.Debug|Any CPU.ActiveCfg = Debug|Any CPU
		{CBD429FB-B384-409F-B4C0-C71E4544477D}.Debug|Any CPU.Build.0 = Debug|Any CPU
		{CBD429FB-B384-409F-B4C0-C71E4544477D}.Release|Any CPU.ActiveCfg = Release|Any CPU
		{CBD429FB-B384-409F-B4C0-C71E4544477D}.Release|Any CPU.Build.0 = Release|Any CPU
	EndGlobalSection
	GlobalSection(SolutionProperties) = preSolution
		HideSolutionNode = FALSE
	EndGlobalSection
	GlobalSection(ExtensibilityGlobals) = postSolution
		SolutionGuid = {6204F05A-19CE-4295-B328-2A58021CE41C}
	EndGlobalSection
EndGlobal
